
Microsoft Visual Studio Solution File, Format Version 12.00
# Visual Studio Version 17
VisualStudioVersion = 17.5.002.0
MinimumVisualStudioVersion = 10.0.40219.1
Project("{9A19103F-16F7-4668-BE54-9A1E7A4F7556}") = "Store_Web", "Store_Web.csproj", "{0C41ED74-45A4-4D1E-A44D-17126919360A}"
EndProject
Global
	GlobalSection(SolutionConfigurationPlatforms) = preSolution
		Debug|Any CPU = Debug|Any CPU
		Release|Any CPU = Release|Any CPU
	EndGlobalSection
	GlobalSection(ProjectConfigurationPlatforms) = postSolution
		{0C41ED74-45A4-4D1E-A44D-17126919360A}.Debug|Any CPU.ActiveCfg = Debug|Any CPU
		{0C41ED74-45A4-4D1E-A44D-17126919360A}.Debug|Any CPU.Build.0 = Debug|Any CPU
		{0C41ED74-45A4-4D1E-A44D-17126919360A}.Release|Any CPU.ActiveCfg = Release|Any CPU
		{0C41ED74-45A4-4D1E-A44D-17126919360A}.Release|Any CPU.Build.0 = Release|Any CPU
	EndGlobalSection
	GlobalSection(SolutionProperties) = preSolution
		HideSolutionNode = FALSE
	EndGlobalSection
	GlobalSection(ExtensibilityGlobals) = postSolution
		SolutionGuid = {2845872E-A867-47D3-A9B0-F47D6701C849}
	EndGlobalSection
EndGlobal
